
Microsoft Visual Studio Solution File, Format Version 12.00
# Visual Studio Version 16
VisualStudioVersion = 16.0.34031.81
MinimumVisualStudioVersion = 10.0.40219.1
Project("{FAE04EC0-301F-11D3-BF4B-00C04F79EFBC}") = "AppChatServer", "AppChatServer\AppChatServer.csproj", "{47B1D87F-786A-4D72-B90F-004288B6B6AB}"
EndProject
Project("{FAE04EC0-301F-11D3-BF4B-00C04F79EFBC}") = "AppChatClient", "AppChatClient\AppChatClient.csproj", "{BB03183F-D24B-4978-84F5-8DF049F8AF94}"
EndProject
Global
	GlobalSection(SolutionConfigurationPlatforms) = preSolution
		Debug|Any CPU = Debug|Any CPU
		Release|Any CPU = Release|Any CPU
	EndGlobalSection
	GlobalSection(ProjectConfigurationPlatforms) = postSolution
		{47B1D87F-786A-4D72-B90F-004288B6B6AB}.Debug|Any CPU.ActiveCfg = Debug|Any CPU
		{47B1D87F-786A-4D72-B90F-004288B6B6AB}.Debug|Any CPU.Build.0 = Debug|Any CPU
		{47B1D87F-786A-4D72-B90F-004288B6B6AB}.Release|Any CPU.ActiveCfg = Release|Any CPU
		{47B1D87F-786A-4D72-B90F-004288B6B6AB}.Release|Any CPU.Build.0 = Release|Any CPU
		{BB03183F-D24B-4978-84F5-8DF049F8AF94}.Debug|Any CPU.ActiveCfg = Debug|Any CPU
		{BB03183F-D24B-4978-84F5-8DF049F8AF94}.Debug|Any CPU.Build.0 = Debug|Any CPU
		{BB03183F-D24B-4978-84F5-8DF049F8AF94}.Release|Any CPU.ActiveCfg = Release|Any CPU
		{BB03183F-D24B-4978-84F5-8DF049F8AF94}.Release|Any CPU.Build.0 = Release|Any CPU
	EndGlobalSection
	GlobalSection(SolutionProperties) = preSolution
		HideSolutionNode = FALSE
	EndGlobalSection
	GlobalSection(ExtensibilityGlobals) = postSolution
		SolutionGuid = {508D969F-10AE-4DE0-B77A-CAE25E48487C}
	EndGlobalSection
EndGlobal
